
Microsoft Visual Studio Solution File, Format Version 12.00
# Visual Studio Version 16
VisualStudioVersion = 16.0.31729.503
MinimumVisualStudioVersion = 10.0.40219.1
Project("{FAE04EC0-301F-11D3-BF4B-00C04F79EFBC}") = "test", "test\test.csproj", "{5C8F0C1B-DE49-40DE-9843-AFC0A87670CF}"
EndProject
Global
	GlobalSection(SolutionConfigurationPlatforms) = preSolution
		Debug|Any CPU = Debug|Any CPU
		Release|Any CPU = Release|Any CPU
	EndGlobalSection
	GlobalSection(ProjectConfigurationPlatforms) = postSolution
		{5C8F0C1B-DE49-40DE-9843-AFC0A87670CF}.Debug|Any CPU.ActiveCfg = Debug|Any CPU
		{5C8F0C1B-DE49-40DE-9843-AFC0A87670CF}.Debug|Any CPU.Build.0 = Debug|Any CPU
		{5C8F0C1B-DE49-40DE-9843-AFC0A87670CF}.Release|Any CPU.ActiveCfg = Release|Any CPU
		{5C8F0C1B-DE49-40DE-9843-AFC0A87670CF}.Release|Any CPU.Build.0 = Release|Any CPU
	EndGlobalSection
	GlobalSection(SolutionProperties) = preSolution
		HideSolutionNode = FALSE
	EndGlobalSection
	GlobalSection(ExtensibilityGlobals) = postSolution
		SolutionGuid = {33DC436B-F1D5-4A20-9086-7AA8988B6710}
	EndGlobalSection
EndGlobal
